// !$*UTF8*$!
{
	archiveVersion = 1;
	classes = {
	};
	objectVersion = 56;
	objects = {

/* Begin PBXBuildFile section */
		332CDE902976B1CF009693D4 /* Task.m in Sources */ = {isa = PBXBuildFile; fileRef = 332CDE8F2976B1CF009693D4 /* Task.m */; };
		332CDE962976B92F009693D4 /* ToDoViewController.m in Sources */ = {isa = PBXBuildFile; fileRef = 332CDE952976B92F009693D4 /* ToDoViewController.m */; };
		332CDE992976B954009693D4 /* InProgressViewController.m in Sources */ = {isa = PBXBuildFile; fileRef = 332CDE982976B954009693D4 /* InProgressViewController.m */; };
		332CDE9C2976B975009693D4 /* DoneViewController.m in Sources */ = {isa = PBXBuildFile; fileRef = 332CDE9B2976B975009693D4 /* DoneViewController.m */; };
		335C3B0029AC1637003A88EB /* Main.storyboard in Resources */ = {isa = PBXBuildFile; fileRef = 335C3AFF29AC1637003A88EB /* Main.storyboard */; };
		338F777729769A3500E7F6B1 /* AppDelegate.m in Sources */ = {isa = PBXBuildFile; fileRef = 338F777629769A3500E7F6B1 /* AppDelegate.m */; };
		338F777A29769A3500E7F6B1 /* SceneDelegate.m in Sources */ = {isa = PBXBuildFile; fileRef = 338F777929769A3500E7F6B1 /* SceneDelegate.m */; };
		338F778229769A3500E7F6B1 /* Assets.xcassets in Resources */ = {isa = PBXBuildFile; fileRef = 338F778129769A3500E7F6B1 /* Assets.xcassets */; };
		338F778529769A3500E7F6B1 /* LaunchScreen.storyboard in Resources */ = {isa = PBXBuildFile; fileRef = 338F778329769A3500E7F6B1 /* LaunchScreen.storyboard */; };
		338F778829769A3500E7F6B1 /* main.m in Sources */ = {isa = PBXBuildFile; fileRef = 338F778729769A3500E7F6B1 /* main.m */; };
		33A13FFE2976DC880001C191 /* AddViewController.m in Sources */ = {isa = PBXBuildFile; fileRef = 33A13FFD2976DC880001C191 /* AddViewController.m */; };
		33DEFF5529AC800800A2EB25 /* DetalesViewController.m in Sources */ = {isa = PBXBuildFile; fileRef = 33DEFF5429AC800800A2EB25 /* DetalesViewController.m */; };
/* End PBXBuildFile section */

/* Begin PBXFileReference section */
		332CDE8E2976B1CF009693D4 /* Task.h */ = {isa = PBXFileReference; lastKnownFileType = sourcecode.c.h; path = Task.h; sourceTree = "<group>"; };
		332CDE8F2976B1CF009693D4 /* Task.m */ = {isa = PBXFileReference; lastKnownFileType = sourcecode.c.objc; path = Task.m; sourceTree = "<group>"; };
		332CDE942976B92F009693D4 /* ToDoViewController.h */ = {isa = PBXFileReference; lastKnownFileType = sourcecode.c.h; path = ToDoViewController.h; sourceTree = "<group>"; };
		332CDE952976B92F009693D4 /* ToDoViewController.m */ = {isa = PBXFileReference; lastKnownFileType = sourcecode.c.objc; path = ToDoViewController.m; sourceTree = "<group>"; };
		332CDE972976B954009693D4 /* InProgressViewController.h */ = {isa = PBXFileReference; lastKnownFileType = sourcecode.c.h; path = InProgressViewController.h; sourceTree = "<group>"; };
		332CDE982976B954009693D4 /* InProgressViewController.m */ = {isa = PBXFileReference; lastKnownFileType = sourcecode.c.objc; path = InProgressViewController.m; sourceTree = "<group>"; };
		332CDE9A2976B975009693D4 /* DoneViewController.h */ = {isa = PBXFileReference; lastKnownFileType = sourcecode.c.h; path = DoneViewController.h; sourceTree = "<group>"; };
		332CDE9B2976B975009693D4 /* DoneViewController.m */ = {isa = PBXFileReference; lastKnownFileType = sourcecode.c.objc; path = DoneViewController.m; sourceTree = "<group>"; };
		335C3AFF29AC1637003A88EB /* Main.storyboard */ = {isa = PBXFileReference; fileEncoding = 4; lastKnownFileType = file.storyboard; path = Main.storyboard; sourceTree = "<group>"; };
		338F777229769A3500E7F6B1 /* ToDoList.app */ = {isa = PBXFileReference; explicitFileType = wrapper.application; includeInIndex = 0; path = ToDoList.app; sourceTree = BUILT_PRODUCTS_DIR; };
		338F777529769A3500E7F6B1 /* AppDelegate.h */ = {isa = PBXFileReference; lastKnownFileType = sourcecode.c.h; path = AppDelegate.h; sourceTree = "<group>"; };
		338F777629769A3500E7F6B1 /* AppDelegate.m */ = {isa = PBXFileReference; lastKnownFileType = sourcecode.c.objc; path = AppDelegate.m; sourceTree = "<group>"; };
		338F777829769A3500E7F6B1 /* SceneDelegate.h */ = {isa = PBXFileReference; lastKnownFileType = sourcecode.c.h; path = SceneDelegate.h; sourceTree = "<group>"; };
		338F777929769A3500E7F6B1 /* SceneDelegate.m */ = {isa = PBXFileReference; lastKnownFileType = sourcecode.c.objc; path = SceneDelegate.m; sourceTree = "<group>"; };
		338F778129769A3500E7F6B1 /* Assets.xcassets */ = {isa = PBXFileReference; lastKnownFileType = folder.assetcatalog; path = Assets.xcassets; sourceTree = "<group>"; };
		338F778429769A3500E7F6B1 /* Base */ = {isa = PBXFileReference; lastKnownFileType = file.storyboard; name = Base; path = Base.lproj/LaunchScreen.storyboard; sourceTree = "<group>"; };
		338F778629769A3500E7F6B1 /* Info.plist */ = {isa = PBXFileReference; lastKnownFileType = text.plist.xml; path = Info.plist; sourceTree = "<group>"; };
		338F778729769A3500E7F6B1 /* main.m */ = {isa = PBXFileReference; lastKnownFileType = sourcecode.c.objc; path = main.m; sourceTree = "<group>"; };
		339598882977070300C5F9ED /* DetalesViewController.h */ = {isa = PBXFileReference; lastKnownFileType = sourcecode.c.h; path = DetalesViewController.h; sourceTree = "<group>"; };
		33A13FFC2976DC880001C191 /* AddViewController.h */ = {isa = PBXFileReference; lastKnownFileType = sourcecode.c.h; path = AddViewController.h; sourceTree = "<group>"; };
		33A13FFD2976DC880001C191 /* AddViewController.m */ = {isa = PBXFileReference; lastKnownFileType = sourcecode.c.objc; path = AddViewController.m; sourceTree = "<group>"; };
		33DEFF5429AC800800A2EB25 /* DetalesViewController.m */ = {isa = PBXFileReference; fileEncoding = 4; lastKnownFileType = sourcecode.c.objc; path = DetalesViewController.m; sourceTree = "<group>"; };
/* End PBXFileReference section */

/* Begin PBXFrameworksBuildPhase section */
		338F776F29769A3500E7F6B1 /* Frameworks */ = {
			isa = PBXFrameworksBuildPhase;
			buildActionMask = 2147483647;
			files = (
			);
			runOnlyForDeploymentPostprocessing = 0;
		};
/* End PBXFrameworksBuildPhase section */

/* Begin PBXGroup section */
		338F776929769A3500E7F6B1 = {
			isa = PBXGroup;
			children = (
				338F777429769A3500E7F6B1 /* ToDoList */,
				338F777329769A3500E7F6B1 /* Products */,
			);
			sourceTree = "<group>";
		};
		338F777329769A3500E7F6B1 /* Products */ = {
			isa = PBXGroup;
			children = (
				338F777229769A3500E7F6B1 /* ToDoList.app */,
			);
			name = Products;
			sourceTree = "<group>";
		};
		338F777429769A3500E7F6B1 /* ToDoList */ = {
			isa = PBXGroup;
			children = (
				332CDE8E2976B1CF009693D4 /* Task.h */,
				332CDE8F2976B1CF009693D4 /* Task.m */,
				33A13FFC2976DC880001C191 /* AddViewController.h */,
				33A13FFD2976DC880001C191 /* AddViewController.m */,
				339598882977070300C5F9ED /* DetalesViewController.h */,
				33DEFF5429AC800800A2EB25 /* DetalesViewController.m */,
				339598872977012500C5F9ED /* table */,
				339598862977011000C5F9ED /* New Group */,
				338F778129769A3500E7F6B1 /* Assets.xcassets */,
				338F778329769A3500E7F6B1 /* LaunchScreen.storyboard */,
				338F778629769A3500E7F6B1 /* Info.plist */,
				338F778729769A3500E7F6B1 /* main.m */,
				335C3AFF29AC1637003A88EB /* Main.storyboard */,
			);
			path = ToDoList;
			sourceTree = "<group>";
		};
		339598862977011000C5F9ED /* New Group */ = {
			isa = PBXGroup;
			children = (
				338F777529769A3500E7F6B1 /* AppDelegate.h */,
				338F777629769A3500E7F6B1 /* AppDelegate.m */,
				338F777829769A3500E7F6B1 /* SceneDelegate.h */,
				338F777929769A3500E7F6B1 /* SceneDelegate.m */,
			);
			path = "New Group";
			sourceTree = "<group>";
		};
		339598872977012500C5F9ED /* table */ = {
			isa = PBXGroup;
			children = (
				332CDE942976B92F009693D4 /* ToDoViewController.h */,
				332CDE952976B92F009693D4 /* ToDoViewController.m */,
				332CDE972976B954009693D4 /* InProgressViewController.h */,
				332CDE982976B954009693D4 /* InProgressViewController.m */,
				332CDE9A2976B975009693D4 /* DoneViewController.h */,
				332CDE9B2976B975009693D4 /* DoneViewController.m */,
			);
			path = table;
			sourceTree = "<group>";
		};
/* End PBXGroup section */

/* Begin PBXNativeTarget section */
		338F777129769A3500E7F6B1 /* ToDoList */ = {
			isa = PBXNativeTarget;
			buildConfigurationList = 338F778B29769A3500E7F6B1 /* Build configuration list for PBXNativeTarget "ToDoList" */;
			buildPhases = (
				338F776E29769A3500E7F6B1 /* Sources */,
				338F776F29769A3500E7F6B1 /* Frameworks */,
				338F777029769A3500E7F6B1 /* Resources */,
			);
			buildRules = (
			);
			dependencies = (
			);
			name = ToDoList;
			productName = ToDoList;
			productReference = 338F777229769A3500E7F6B1 /* ToDoList.app */;
			productType = "com.apple.product-type.application";
		};
/* End PBXNativeTarget section */

/* Begin PBXProject section */
		338F776A29769A3500E7F6B1 /* Project object */ = {
			isa = PBXProject;
			attributes = {
				BuildIndependentTargetsInParallel = 1;
				LastUpgradeCheck = 1420;
				TargetAttributes = {
					338F777129769A3500E7F6B1 = {
						CreatedOnToolsVersion = 14.2;
					};
				};
			};
			buildConfigurationList = 338F776D29769A3500E7F6B1 /* Build configuration list for PBXProject "ToDoList" */;
			compatibilityVersion = "Xcode 14.0";
			developmentRegion = en;
			hasScannedForEncodings = 0;
			knownRegions = (
				en,
				Base,
			);
			mainGroup = 338F776929769A3500E7F6B1;
			productRefGroup = 338F777329769A3500E7F6B1 /* Products */;
			projectDirPath = "";
			projectRoot = "";
			targets = (
				338F777129769A3500E7F6B1 /* ToDoList */,
			);
		};
/* End PBXProject section */

/* Begin PBXResourcesBuildPhase section */
		338F777029769A3500E7F6B1 /* Resources */ = {
			isa = PBXResourcesBuildPhase;
			buildActionMask = 2147483647;
			files = (
				338F778529769A3500E7F6B1 /* LaunchScreen.storyboard in Resources */,
				338F778229769A3500E7F6B1 /* Assets.xcassets in Resources */,
				335C3B0029AC1637003A88EB /* Main.storyboard in Resources */,
			);
			runOnlyForDeploymentPostprocessing = 0;
		};
/* End PBXResourcesBuildPhase section */

/* Begin PBXSourcesBuildPhase section */
		338F776E29769A3500E7F6B1 /* Sources */ = {
			isa = PBXSourcesBuildPhase;
			buildActionMask = 2147483647;
			files = (
				33A13FFE2976DC880001C191 /* AddViewController.m in Sources */,
				332CDE992976B954009693D4 /* InProgressViewController.m in Sources */,
				33DEFF5529AC800800A2EB25 /* DetalesViewController.m in Sources */,
				332CDE902976B1CF009693D4 /* Task.m in Sources */,
				338F777729769A3500E7F6B1 /* AppDelegate.m in Sources */,
				332CDE962976B92F009693D4 /* ToDoViewController.m in Sources */,
				332CDE9C2976B975009693D4 /* DoneViewController.m in Sources */,
				338F778829769A3500E7F6B1 /* main.m in Sources */,
				338F777A29769A3500E7F6B1 /* SceneDelegate.m in Sources */,
			);
			runOnlyForDeploymentPostprocessing = 0;
		};
/* End PBXSourcesBuildPhase section */

/* Begin PBXVariantGroup section */
		338F778329769A3500E7F6B1 /* LaunchScreen.storyboard */ = {
			isa = PBXVariantGroup;
			children = (
				338F778429769A3500E7F6B1 /* Base */,
			);
			name = LaunchScreen.storyboard;
			sourceTree = "<group>";
		};
/* End PBXVariantGroup section */

/* Begin XCBuildConfiguration section */
		338F778929769A3500E7F6B1 /* Debug */ = {
			isa = XCBuildConfiguration;
			buildSettings = {
				ALWAYS_SEARCH_USER_PATHS = NO;
				CLANG_ANALYZER_NONNULL = YES;
				CLANG_ANALYZER_NUMBER_OBJECT_CONVERSION = YES_AGGRESSIVE;
				CLANG_CXX_LANGUAGE_STANDARD = "gnu++20";
				CLANG_ENABLE_MODULES = YES;
				CLANG_ENABLE_OBJC_ARC = YES;
				CLANG_ENABLE_OBJC_WEAK = YES;
				CLANG_WARN_BLOCK_CAPTURE_AUTORELEASING = YES;
				CLANG_WARN_BOOL_CONVERSION = YES;
				CLANG_WARN_COMMA = YES;
				CLANG_WARN_CONSTANT_CONVERSION = YES;
				CLANG_WARN_DEPRECATED_OBJC_IMPLEMENTATIONS = YES;
				CLANG_WARN_DIRECT_OBJC_ISA_USAGE = YES_ERROR;
				CLANG_WARN_DOCUMENTATION_COMMENTS = YES;
				CLANG_WARN_EMPTY_BODY = YES;
				CLANG_WARN_ENUM_CONVERSION = YES;
				CLANG_WARN_INFINITE_RECURSION = YES;
				CLANG_WARN_INT_CONVERSION = YES;
				CLANG_WARN_NON_LITERAL_NULL_CONVERSION = YES;
				CLANG_WARN_OBJC_IMPLICIT_RETAIN_SELF = YES;
				CLANG_WARN_OBJC_LITERAL_CONVERSION = YES;
				CLANG_WARN_OBJC_ROOT_CLASS = YES_ERROR;
				CLANG_WARN_QUOTED_INCLUDE_IN_FRAMEWORK_HEADER = YES;
				CLANG_WARN_RANGE_LOOP_ANALYSIS = YES;
				CLANG_WARN_STRICT_PROTOTYPES = YES;
				CLANG_WARN_SUSPICIOUS_MOVE = YES;
				CLANG_WARN_UNGUARDED_AVAILABILITY = YES_AGGRESSIVE;
				CLANG_WARN_UNREACHABLE_CODE = YES;
				CLANG_WARN__DUPLICATE_METHOD_MATCH = YES;
				COPY_PHASE_STRIP = NO;
				DEBUG_INFORMATION_FORMAT = dwarf;
				ENABLE_STRICT_OBJC_MSGSEND = YES;
				ENABLE_TESTABILITY = YES;
				GCC_C_LANGUAGE_STANDARD = gnu11;
				GCC_DYNAMIC_NO_PIC = NO;
				GCC_NO_COMMON_BLOCKS = YES;
				GCC_OPTIMIZATION_LEVEL = 0;
				GCC_PREPROCESSOR_DEFINITIONS = (
					"DEBUG=1",
					"$(inherited)",
				);
				GCC_WARN_64_TO_32_BIT_CONVERSION = YES;
				GCC_WARN_ABOUT_RETURN_TYPE = YES_ERROR;
				GCC_WARN_UNDECLARED_SELECTOR = YES;
				GCC_WARN_UNINITIALIZED_AUTOS = YES_AGGRESSIVE;
				GCC_WARN_UNUSED_FUNCTION = YES;
				GCC_WARN_UNUSED_VARIABLE = YES;
				IPHONEOS_DEPLOYMENT_TARGET = 16.2;
				MTL_ENABLE_DEBUG_INFO = INCLUDE_SOURCE;
				MTL_FAST_MATH = YES;
				ONLY_ACTIVE_ARCH = YES;
				SDKROOT = iphoneos;
			};
			name = Debug;
		};
		338F778A29769A3500E7F6B1 /* Release */ = {
			isa = XCBuildConfiguration;
			buildSettings = {
				ALWAYS_SEARCH_USER_PATHS = NO;
				CLANG_ANALYZER_NONNULL = YES;
				CLANG_ANALYZER_NUMBER_OBJECT_CONVERSION = YES_AGGRESSIVE;
				CLANG_CXX_LANGUAGE_STANDARD = "gnu++20";
				CLANG_ENABLE_MODULES = YES;
				CLANG_ENABLE_OBJC_ARC = YES;
				CLANG_ENABLE_OBJC_WEAK = YES;
				CLANG_WARN_BLOCK_CAPTURE_AUTORELEASING = YES;
				CLANG_WARN_BOOL_CONVERSION = YES;
				CLANG_WARN_COMMA = YES;
				CLANG_WARN_CONSTANT_CONVERSION = YES;
				CLANG_WARN_DEPRECATED_OBJC_IMPLEMENTATIONS = YES;
				CLANG_WARN_DIRECT_OBJC_ISA_USAGE = YES_ERROR;
				CLANG_WARN_DOCUMENTATION_COMMENTS = YES;
				CLANG_WARN_EMPTY_BODY = YES;
				CLANG_WARN_ENUM_CONVERSION = YES;
				CLANG_WARN_INFINITE_RECURSION = YES;
				CLANG_WARN_INT_CONVERSION = YES;
				CLANG_WARN_NON_LITERAL_NULL_CONVERSION = YES;
				CLANG_WARN_OBJC_IMPLICIT_RETAIN_SELF = YES;
				CLANG_WARN_OBJC_LITERAL_CONVERSION = YES;
				CLANG_WARN_OBJC_ROOT_CLASS = YES_ERROR;
				CLANG_WARN_QUOTED_INCLUDE_IN_FRAMEWORK_HEADER = YES;
				CLANG_WARN_RANGE_LOOP_ANALYSIS = YES;
				CLANG_WARN_STRICT_PROTOTYPES = YES;
				CLANG_WARN_SUSPICIOUS_MOVE = YES;
				CLANG_WARN_UNGUARDED_AVAILABILITY = YES_AGGRESSIVE;
				CLANG_WARN_UNREACHABLE_CODE = YES;
				CLANG_WARN__DUPLICATE_METHOD_MATCH = YES;
				COPY_PHASE_STRIP = NO;
				DEBUG_INFORMATION_FORMAT = "dwarf-with-dsym";
				ENABLE_NS_ASSERTIONS = NO;
				ENABLE_STRICT_OBJC_MSGSEND = YES;
				GCC_C_LANGUAGE_STANDARD = gnu11;
				GCC_NO_COMMON_BLOCKS = YES;
				GCC_WARN_64_TO_32_BIT_CONVERSION = YES;
				GCC_WARN_ABOUT_RETURN_TYPE = YES_ERROR;
				GCC_WARN_UNDECLARED_SELECTOR = YES;
				GCC_WARN_UNINITIALIZED_AUTOS = YES_AGGRESSIVE;
				GCC_WARN_UNUSED_FUNCTION = YES;
				GCC_WARN_UNUSED_VARIABLE = YES;
				IPHONEOS_DEPLOYMENT_TARGET = 16.2;
				MTL_ENABLE_DEBUG_INFO = NO;
				MTL_FAST_MATH = YES;
				SDKROOT = iphoneos;
				VALIDATE_PRODUCT = YES;
			};
			name = Release;
		};
		338F778C29769A3500E7F6B1 /* Debug */ = {
			isa = XCBuildConfiguration;
			buildSettings = {
				ASSETCATALOG_COMPILER_APPICON_NAME = AppIcon;
				ASSETCATALOG_COMPILER_GLOBAL_ACCENT_COLOR_NAME = AccentColor;
				CODE_SIGN_STYLE = Automatic;
				CURRENT_PROJECT_VERSION = 1;
				GENERATE_INFOPLIST_FILE = YES;
				INFOPLIST_FILE = ToDoList/Info.plist;
				INFOPLIST_KEY_UIApplicationSupportsIndirectInputEvents = YES;
				INFOPLIST_KEY_UILaunchStoryboardName = LaunchScreen;
				INFOPLIST_KEY_UIMainStoryboardFile = Main;
				INFOPLIST_KEY_UISupportedInterfaceOrientations_iPad = "UIInterfaceOrientationPortrait UIInterfaceOrientationPortraitUpsideDown UIInterfaceOrientationLandscapeLeft UIInterfaceOrientationLandscapeRight";
				INFOPLIST_KEY_UISupportedInterfaceOrientations_iPhone = "UIInterfaceOrientationPortrait UIInterfaceOrientationLandscapeLeft UIInterfaceOrientationLandscapeRight";
				LD_RUNPATH_SEARCH_PATHS = (
					"$(inherited)",
					"@executable_path/Frameworks",
				);
				MARKETING_VERSION = 1.0;
				PRODUCT_BUNDLE_IDENTIFIER = ITI.ToDoList;
				PRODUCT_NAME = "$(TARGET_NAME)";
				SWIFT_EMIT_LOC_STRINGS = YES;
				TARGETED_DEVICE_FAMILY = "1,2";
			};
			name = Debug;
		};
		338F778D29769A3500E7F6B1 /* Release */ = {
			isa = XCBuildConfiguration;
			buildSettings = {
				ASSETCATALOG_COMPILER_APPICON_NAME = AppIcon;
				ASSETCATALOG_COMPILER_GLOBAL_ACCENT_COLOR_NAME = AccentColor;
				CODE_SIGN_STYLE = Automatic;
				CURRENT_PROJECT_VERSION = 1;
				GENERATE_INFOPLIST_FILE = YES;
				INFOPLIST_FILE = ToDoList/Info.plist;
				INFOPLIST_KEY_UIApplicationSupportsIndirectInputEvents = YES;
				INFOPLIST_KEY_UILaunchStoryboardName = LaunchScreen;
				INFOPLIST_KEY_UIMainStoryboardFile = Main;
				INFOPLIST_KEY_UISupportedInterfaceOrientations_iPad = "UIInterfaceOrientationPortrait UIInterfaceOrientationPortraitUpsideDown UIInterfaceOrientationLandscapeLeft UIInterfaceOrientationLandscapeRight";
				INFOPLIST_KEY_UISupportedInterfaceOrientations_iPhone = "UIInterfaceOrientationPortrait UIInterfaceOrientationLandscapeLeft UIInterfaceOrientationLandscapeRight";
				LD_RUNPATH_SEARCH_PATHS = (
					"$(inherited)",
					"@executable_path/Frameworks",
				);
				MARKETING_VERSION = 1.0;
				PRODUCT_BUNDLE_IDENTIFIER = ITI.ToDoList;
				PRODUCT_NAME = "$(TARGET_NAME)";
				SWIFT_EMIT_LOC_STRINGS = YES;
				TARGETED_DEVICE_FAMILY = "1,2";
			};
			name = Release;
		};
/* End XCBuildConfiguration section */

/* Begin XCConfigurationList section */
		338F776D29769A3500E7F6B1 /* Build configuration list for PBXProject "ToDoList" */ = {
			isa = XCConfigurationList;
			buildConfigurations = (
				338F778929769A3500E7F6B1 /* Debug */,
				338F778A29769A3500E7F6B1 /* Release */,
			);
			defaultConfigurationIsVisible = 0;
			defaultConfigurationName = Release;
		};
		338F778B29769A3500E7F6B1 /* Build configuration list for PBXNativeTarget "ToDoList" */ = {
			isa = XCConfigurationList;
			buildConfigurations = (
				338F778C29769A3500E7F6B1 /* Debug */,
				338F778D29769A3500E7F6B1 /* Release */,
			);
			defaultConfigurationIsVisible = 0;
			defaultConfigurationName = Release;
		};
/* End XCConfigurationList section */
	};
	rootObject = 338F776A29769A3500E7F6B1 /* Project object */;
}
